
Microsoft Visual Studio Solution File, Format Version 12.00
Project("{FAE04EC0-301F-11D3-BF4B-00C04F79EFBC}") = "FullCart.API", "FullCart.API\FullCart.API.csproj", "{F5B4EABF-6CFE-4EE9-B886-9330CED328B5}"
EndProject
Project("{FAE04EC0-301F-11D3-BF4B-00C04F79EFBC}") = "Domain", "Domain\Domain.csproj", "{CB4C1C44-4829-49D7-8D57-63DF840CC169}"
EndProject
Project("{FAE04EC0-301F-11D3-BF4B-00C04F79EFBC}") = "Application", "Application\Application.csproj", "{1953CD22-E627-4A85-94DE-2E1E691D57C1}"
EndProject
Project("{FAE04EC0-301F-11D3-BF4B-00C04F79EFBC}") = "Infrastructure", "Infrastructure\Infrastructure.csproj", "{C271D4BD-83DE-411D-A92D-374438753FF5}"
EndProject
Project("{2150E333-8FDC-42A3-9474-1A3956D46DE8}") = "Solution Items", "Solution Items", "{8D830CCC-D82B-4FAF-BA9C-D43D1B055AAE}"
	ProjectSection(SolutionItems) = preProject
		docker-compose.yml = docker-compose.yml
	EndProjectSection
EndProject
Project("{2150E333-8FDC-42A3-9474-1A3956D46DE8}") = "Payment", "Payment", "{259FFC02-1A3F-4CBA-B29C-0CD71F9FEABC}"
EndProject
Project("{FAE04EC0-301F-11D3-BF4B-00C04F79EFBC}") = "Payment.Infrastructure", "Payment.Infrastructure\Payment.Infrastructure.csproj", "{8E54C92E-296A-438B-8088-E24A8CF8CED5}"
EndProject
Project("{FAE04EC0-301F-11D3-BF4B-00C04F79EFBC}") = "Payment.Application", "Payment.Application\Payment.Application.csproj", "{B83E262A-7C1B-469D-B766-84917B1037F4}"
EndProject
Project("{FAE04EC0-301F-11D3-BF4B-00C04F79EFBC}") = "Payment.Domain", "Payment.Domain\Payment.Domain.csproj", "{FBA04B18-D302-4061-85F0-B9C04DD7485F}"
EndProject
Project("{2150E333-8FDC-42A3-9474-1A3956D46DE8}") = "BuildingBlocks", "BuildingBlocks", "{6E35380A-ED01-49E0-8D01-B43676ED7571}"
EndProject
Project("{FAE04EC0-301F-11D3-BF4B-00C04F79EFBC}") = "BuildingBlocks.Domain", "BuildingBlocks.Domain\BuildingBlocks.Domain.csproj", "{6288190A-4803-4C91-8513-2827E0C8E7B2}"
EndProject
Project("{FAE04EC0-301F-11D3-BF4B-00C04F79EFBC}") = "BuildingBlocks.Application", "BuildingBlocks.Application\BuildingBlocks.Application.csproj", "{2DAE6693-F02B-4B13-AAB5-50D93E23A0CB}"
EndProject
Project("{FAE04EC0-301F-11D3-BF4B-00C04F79EFBC}") = "BuildingBlocks.Infrastucture", "BuildingBlocks.Infrastucture\BuildingBlocks.Infrastucture.csproj", "{CFF1C49E-BABA-4222-A2A2-31D440D8757E}"
EndProject
Project("{FAE04EC0-301F-11D3-BF4B-00C04F79EFBC}") = "Payment.Contracts", "Payment.Contracts\Payment.Contracts.csproj", "{0D096DC3-4C4E-47FB-AF3B-362368E5083B}"
EndProject
Project("{FAE04EC0-301F-11D3-BF4B-00C04F79EFBC}") = "Contracts", "Contracts\Contracts.csproj", "{83C3D28B-9605-4ECD-ACDC-4A439C506746}"
EndProject
Global
	GlobalSection(SolutionConfigurationPlatforms) = preSolution
		Debug|Any CPU = Debug|Any CPU
		Release|Any CPU = Release|Any CPU
	EndGlobalSection
	GlobalSection(ProjectConfigurationPlatforms) = postSolution
		{F5B4EABF-6CFE-4EE9-B886-9330CED328B5}.Debug|Any CPU.ActiveCfg = Debug|Any CPU
		{F5B4EABF-6CFE-4EE9-B886-9330CED328B5}.Debug|Any CPU.Build.0 = Debug|Any CPU
		{F5B4EABF-6CFE-4EE9-B886-9330CED328B5}.Release|Any CPU.ActiveCfg = Release|Any CPU
		{F5B4EABF-6CFE-4EE9-B886-9330CED328B5}.Release|Any CPU.Build.0 = Release|Any CPU
		{CB4C1C44-4829-49D7-8D57-63DF840CC169}.Debug|Any CPU.ActiveCfg = Debug|Any CPU
		{CB4C1C44-4829-49D7-8D57-63DF840CC169}.Debug|Any CPU.Build.0 = Debug|Any CPU
		{CB4C1C44-4829-49D7-8D57-63DF840CC169}.Release|Any CPU.ActiveCfg = Release|Any CPU
		{CB4C1C44-4829-49D7-8D57-63DF840CC169}.Release|Any CPU.Build.0 = Release|Any CPU
		{1953CD22-E627-4A85-94DE-2E1E691D57C1}.Debug|Any CPU.ActiveCfg = Debug|Any CPU
		{1953CD22-E627-4A85-94DE-2E1E691D57C1}.Debug|Any CPU.Build.0 = Debug|Any CPU
		{1953CD22-E627-4A85-94DE-2E1E691D57C1}.Release|Any CPU.ActiveCfg = Release|Any CPU
		{1953CD22-E627-4A85-94DE-2E1E691D57C1}.Release|Any CPU.Build.0 = Release|Any CPU
		{C271D4BD-83DE-411D-A92D-374438753FF5}.Debug|Any CPU.ActiveCfg = Debug|Any CPU
		{C271D4BD-83DE-411D-A92D-374438753FF5}.Debug|Any CPU.Build.0 = Debug|Any CPU
		{C271D4BD-83DE-411D-A92D-374438753FF5}.Release|Any CPU.ActiveCfg = Release|Any CPU
		{C271D4BD-83DE-411D-A92D-374438753FF5}.Release|Any CPU.Build.0 = Release|Any CPU
		{8E54C92E-296A-438B-8088-E24A8CF8CED5}.Debug|Any CPU.ActiveCfg = Debug|Any CPU
		{8E54C92E-296A-438B-8088-E24A8CF8CED5}.Debug|Any CPU.Build.0 = Debug|Any CPU
		{8E54C92E-296A-438B-8088-E24A8CF8CED5}.Release|Any CPU.ActiveCfg = Release|Any CPU
		{8E54C92E-296A-438B-8088-E24A8CF8CED5}.Release|Any CPU.Build.0 = Release|Any CPU
		{B83E262A-7C1B-469D-B766-84917B1037F4}.Debug|Any CPU.ActiveCfg = Debug|Any CPU
		{B83E262A-7C1B-469D-B766-84917B1037F4}.Debug|Any CPU.Build.0 = Debug|Any CPU
		{B83E262A-7C1B-469D-B766-84917B1037F4}.Release|Any CPU.ActiveCfg = Release|Any CPU
		{B83E262A-7C1B-469D-B766-84917B1037F4}.Release|Any CPU.Build.0 = Release|Any CPU
		{FBA04B18-D302-4061-85F0-B9C04DD7485F}.Debug|Any CPU.ActiveCfg = Debug|Any CPU
		{FBA04B18-D302-4061-85F0-B9C04DD7485F}.Debug|Any CPU.Build.0 = Debug|Any CPU
		{FBA04B18-D302-4061-85F0-B9C04DD7485F}.Release|Any CPU.ActiveCfg = Release|Any CPU
		{FBA04B18-D302-4061-85F0-B9C04DD7485F}.Release|Any CPU.Build.0 = Release|Any CPU
		{6288190A-4803-4C91-8513-2827E0C8E7B2}.Debug|Any CPU.ActiveCfg = Debug|Any CPU
		{6288190A-4803-4C91-8513-2827E0C8E7B2}.Debug|Any CPU.Build.0 = Debug|Any CPU
		{6288190A-4803-4C91-8513-2827E0C8E7B2}.Release|Any CPU.ActiveCfg = Release|Any CPU
		{6288190A-4803-4C91-8513-2827E0C8E7B2}.Release|Any CPU.Build.0 = Release|Any CPU
		{2DAE6693-F02B-4B13-AAB5-50D93E23A0CB}.Debug|Any CPU.ActiveCfg = Debug|Any CPU
		{2DAE6693-F02B-4B13-AAB5-50D93E23A0CB}.Debug|Any CPU.Build.0 = Debug|Any CPU
		{2DAE6693-F02B-4B13-AAB5-50D93E23A0CB}.Release|Any CPU.ActiveCfg = Release|Any CPU
		{2DAE6693-F02B-4B13-AAB5-50D93E23A0CB}.Release|Any CPU.Build.0 = Release|Any CPU
		{CFF1C49E-BABA-4222-A2A2-31D440D8757E}.Debug|Any CPU.ActiveCfg = Debug|Any CPU
		{CFF1C49E-BABA-4222-A2A2-31D440D8757E}.Debug|Any CPU.Build.0 = Debug|Any CPU
		{CFF1C49E-BABA-4222-A2A2-31D440D8757E}.Release|Any CPU.ActiveCfg = Release|Any CPU
		{CFF1C49E-BABA-4222-A2A2-31D440D8757E}.Release|Any CPU.Build.0 = Release|Any CPU
		{0D096DC3-4C4E-47FB-AF3B-362368E5083B}.Debug|Any CPU.ActiveCfg = Debug|Any CPU
		{0D096DC3-4C4E-47FB-AF3B-362368E5083B}.Debug|Any CPU.Build.0 = Debug|Any CPU
		{0D096DC3-4C4E-47FB-AF3B-362368E5083B}.Release|Any CPU.ActiveCfg = Release|Any CPU
		{0D096DC3-4C4E-47FB-AF3B-362368E5083B}.Release|Any CPU.Build.0 = Release|Any CPU
		{83C3D28B-9605-4ECD-ACDC-4A439C506746}.Debug|Any CPU.ActiveCfg = Debug|Any CPU
		{83C3D28B-9605-4ECD-ACDC-4A439C506746}.Debug|Any CPU.Build.0 = Debug|Any CPU
		{83C3D28B-9605-4ECD-ACDC-4A439C506746}.Release|Any CPU.ActiveCfg = Release|Any CPU
		{83C3D28B-9605-4ECD-ACDC-4A439C506746}.Release|Any CPU.Build.0 = Release|Any CPU
	EndGlobalSection
	GlobalSection(NestedProjects) = preSolution
		{8E54C92E-296A-438B-8088-E24A8CF8CED5} = {259FFC02-1A3F-4CBA-B29C-0CD71F9FEABC}
		{B83E262A-7C1B-469D-B766-84917B1037F4} = {259FFC02-1A3F-4CBA-B29C-0CD71F9FEABC}
		{FBA04B18-D302-4061-85F0-B9C04DD7485F} = {259FFC02-1A3F-4CBA-B29C-0CD71F9FEABC}
		{6288190A-4803-4C91-8513-2827E0C8E7B2} = {6E35380A-ED01-49E0-8D01-B43676ED7571}
		{2DAE6693-F02B-4B13-AAB5-50D93E23A0CB} = {6E35380A-ED01-49E0-8D01-B43676ED7571}
		{CFF1C49E-BABA-4222-A2A2-31D440D8757E} = {6E35380A-ED01-49E0-8D01-B43676ED7571}
		{0D096DC3-4C4E-47FB-AF3B-362368E5083B} = {259FFC02-1A3F-4CBA-B29C-0CD71F9FEABC}
	EndGlobalSection
EndGlobal
